
Microsoft Visual Studio Solution File, Format Version 12.00
# Visual Studio 15
VisualStudioVersion = 15.0.27703.2026
MinimumVisualStudioVersion = 10.0.40219.1
Project("{9A19103F-16F7-4668-BE54-9A1E7A4F7556}") = "iChan", "iChan\iChan.csproj", "{01AAD9E3-778B-4DAB-81E8-7AD695E3B68C}"
EndProject
Project("{9A19103F-16F7-4668-BE54-9A1E7A4F7556}") = "iChanServer", "iChanServer\iChanServer.csproj", "{56C2C39A-D564-40E4-8EEF-1E9768D98D40}"
EndProject
Global
	GlobalSection(SolutionConfigurationPlatforms) = preSolution
		Debug|Any CPU = Debug|Any CPU
		Release|Any CPU = Release|Any CPU
	EndGlobalSection
	GlobalSection(ProjectConfigurationPlatforms) = postSolution
		{01AAD9E3-778B-4DAB-81E8-7AD695E3B68C}.Debug|Any CPU.ActiveCfg = Debug|Any CPU
		{01AAD9E3-778B-4DAB-81E8-7AD695E3B68C}.Debug|Any CPU.Build.0 = Debug|Any CPU
		{01AAD9E3-778B-4DAB-81E8-7AD695E3B68C}.Release|Any CPU.ActiveCfg = Release|Any CPU
		{01AAD9E3-778B-4DAB-81E8-7AD695E3B68C}.Release|Any CPU.Build.0 = Release|Any CPU
		{56C2C39A-D564-40E4-8EEF-1E9768D98D40}.Debug|Any CPU.ActiveCfg = Debug|Any CPU
		{56C2C39A-D564-40E4-8EEF-1E9768D98D40}.Debug|Any CPU.Build.0 = Debug|Any CPU
		{56C2C39A-D564-40E4-8EEF-1E9768D98D40}.Release|Any CPU.ActiveCfg = Release|Any CPU
		{56C2C39A-D564-40E4-8EEF-1E9768D98D40}.Release|Any CPU.Build.0 = Release|Any CPU
	EndGlobalSection
	GlobalSection(SolutionProperties) = preSolution
		HideSolutionNode = FALSE
	EndGlobalSection
	GlobalSection(ExtensibilityGlobals) = postSolution
		SolutionGuid = {7D054BE4-CCC6-43EE-AA9A-2B97AE4F7E19}
	EndGlobalSection
EndGlobal
